2
git https://github.com/kivikakk/htmlentities.zig commit-311c844c1d1d1cb968eedfeb76ce911038b1043a
git https://github.com/kivikakk/libpcre.zig commit-931e3f9a321c635c62f98669aba233210684a31a
git https://github.com/kivikakk/zunicode commit-5bf4a3a5f0c6e3d96f6def56957ab7f201851c50
git https://github.com/Hejsil/zig-clap commit-cf8a34d11f0520bdf2afc08eda88862597a88b23
